
Microsoft Visual Studio Solution File, Format Version 12.00
# Visual Studio Version 17
VisualStudioVersion = 17.5.33414.496
MinimumVisualStudioVersion = 10.0.40219.1
Project("{FAE04EC0-301F-11D3-BF4B-00C04F79EFBC}") = "SelectionStatements1Final", "SelectionStatements1Final\SelectionStatements1Final.csproj", "{99AE8F7E-6776-4E7B-A1C1-0B94AAB5D421}"
EndProject
Global
	GlobalSection(SolutionConfigurationPlatforms) = preSolution
		Debug|Any CPU = Debug|Any CPU
		Release|Any CPU = Release|Any CPU
	EndGlobalSection
	GlobalSection(ProjectConfigurationPlatforms) = postSolution
		{99AE8F7E-6776-4E7B-A1C1-0B94AAB5D421}.Debug|Any CPU.ActiveCfg = Debug|Any CPU
		{99AE8F7E-6776-4E7B-A1C1-0B94AAB5D421}.Debug|Any CPU.Build.0 = Debug|Any CPU
		{99AE8F7E-6776-4E7B-A1C1-0B94AAB5D421}.Release|Any CPU.ActiveCfg = Release|Any CPU
		{99AE8F7E-6776-4E7B-A1C1-0B94AAB5D421}.Release|Any CPU.Build.0 = Release|Any CPU
	EndGlobalSection
	GlobalSection(SolutionProperties) = preSolution
		HideSolutionNode = FALSE
	EndGlobalSection
	GlobalSection(ExtensibilityGlobals) = postSolution
		SolutionGuid = {6E0A7040-A903-44E2-9CFE-C49200EC3F52}
	EndGlobalSection
EndGlobal
